// !$*UTF8*$!
{
	archiveVersion = 1;
	classes = {
	};
	objectVersion = 51;
	objects = {

/* Begin PBXBuildFile section */
		5230478E235F08DC0086E52A /* AppDelegate.swift in Sources */ = {isa = PBXBuildFile; fileRef = 5230478D235F08DC0086E52A /* AppDelegate.swift */; };
		52304790235F08DC0086E52A /* SceneDelegate.swift in Sources */ = {isa = PBXBuildFile; fileRef = 5230478F235F08DC0086E52A /* SceneDelegate.swift */; };
		52304792235F08DC0086E52A /* ViewController.swift in Sources */ = {isa = PBXBuildFile; fileRef = 52304791235F08DC0086E52A /* ViewController.swift */; };
		52304795235F08DC0086E52A /* Main.storyboard in Resources */ = {isa = PBXBuildFile; fileRef = 52304793235F08DC0086E52A /* Main.storyboard */; };
		52304797235F08DD0086E52A /* Assets.xcassets in Resources */ = {isa = PBXBuildFile; fileRef = 52304796235F08DD0086E52A /* Assets.xcassets */; };
		5230479A235F08DD0086E52A /* LaunchScreen.storyboard in Resources */ = {isa = PBXBuildFile; fileRef = 52304798235F08DD0086E52A /* LaunchScreen.storyboard */; };
		523047A5235F08DD0086E52A /* stationTests.swift in Sources */ = {isa = PBXBuildFile; fileRef = 523047A4235F08DD0086E52A /* stationTests.swift */; };
		523047B0235F08DD0086E52A /* stationUITests.swift in Sources */ = {isa = PBXBuildFile; fileRef = 523047AF235F08DD0086E52A /* stationUITests.swift */; };
		523047BE235F17F20086E52A /* MapViewController.swift in Sources */ = {isa = PBXBuildFile; fileRef = 523047BD235F17F20086E52A /* MapViewController.swift */; };
		6F372B48ADF5EFD7EC3477A6 /* Pods_station.framework in Frameworks */ = {isa = PBXBuildFile; fileRef = E377161AD8B151FC558BE746 /* Pods_station.framework */; };
		DE0D809FBB9A7AD2D57A14C0 /* Pods_station_stationUITests.framework in Frameworks */ = {isa = PBXBuildFile; fileRef = 217265E471D73F743CE4CA08 /* Pods_station_stationUITests.framework */; };
		FE7B03AE67F464E565A91DE5 /* Pods_stationTests.framework in Frameworks */ = {isa = PBXBuildFile; fileRef = C7F51DF0D7114B104398102A /* Pods_stationTests.framework */; };
/* End PBXBuildFile section */

/* Begin PBXContainerItemProxy section */
		523047A1235F08DD0086E52A /* PBXContainerItemProxy */ = {
			isa = PBXContainerItemProxy;
			containerPortal = 52304782235F08DC0086E52A /* Project object */;
			proxyType = 1;
			remoteGlobalIDString = 52304789235F08DC0086E52A;
			remoteInfo = station;
		};
		523047AC235F08DD0086E52A /* PBXContainerItemProxy */ = {
			isa = PBXContainerItemProxy;
			containerPortal = 52304782235F08DC0086E52A /* Project object */;
			proxyType = 1;
			remoteGlobalIDString = 52304789235F08DC0086E52A;
			remoteInfo = station;
		};
/* End PBXContainerItemProxy section */

/* Begin PBXFileReference section */
		032E395721A41E4D6F855888 /* Pods-station-stationUITests.release.xcconfig */ = {isa = PBXFileReference; includeInIndex = 1; lastKnownFileType = text.xcconfig; name = "Pods-station-stationUITests.release.xcconfig"; path = "Target Support Files/Pods-station-stationUITests/Pods-station-stationUITests.release.xcconfig"; sourceTree = "<group>"; };
		1C65FBC77779C8DD7653EB1F /* Pods-station.debug.xcconfig */ = {isa = PBXFileReference; includeInIndex = 1; lastKnownFileType = text.xcconfig; name = "Pods-station.debug.xcconfig"; path = "Target Support Files/Pods-station/Pods-station.debug.xcconfig"; sourceTree = "<group>"; };
		217265E471D73F743CE4CA08 /* Pods_station_stationUITests.framework */ = {isa = PBXFileReference; explicitFileType = wrapper.framework; includeInIndex = 0; path = Pods_station_stationUITests.framework; sourceTree = BUILT_PRODUCTS_DIR; };
		3F09F1DC4A888EA304FD4C68 /* Pods-stationTests.debug.xcconfig */ = {isa = PBXFileReference; includeInIndex = 1; lastKnownFileType = text.xcconfig; name = "Pods-stationTests.debug.xcconfig"; path = "Target Support Files/Pods-stationTests/Pods-stationTests.debug.xcconfig"; sourceTree = "<group>"; };
		5230478A235F08DC0086E52A /* station.app */ = {isa = PBXFileReference; explicitFileType = wrapper.application; includeInIndex = 0; path = station.app; sourceTree = BUILT_PRODUCTS_DIR; };
		5230478D235F08DC0086E52A /* AppDelegate.swift */ = {isa = PBXFileReference; lastKnownFileType = sourcecode.swift; path = AppDelegate.swift; sourceTree = "<group>"; };
		5230478F235F08DC0086E52A /* SceneDelegate.swift */ = {isa = PBXFileReference; lastKnownFileType = sourcecode.swift; path = SceneDelegate.swift; sourceTree = "<group>"; };
		52304791235F08DC0086E52A /* ViewController.swift */ = {isa = PBXFileReference; lastKnownFileType = sourcecode.swift; path = ViewController.swift; sourceTree = "<group>"; };
		52304794235F08DC0086E52A /* Base */ = {isa = PBXFileReference; lastKnownFileType = file.storyboard; name = Base; path = Base.lproj/Main.storyboard; sourceTree = "<group>"; };
		52304796235F08DD0086E52A /* Assets.xcassets */ = {isa = PBXFileReference; lastKnownFileType = folder.assetcatalog; path = Assets.xcassets; sourceTree = "<group>"; };
		52304799235F08DD0086E52A /* Base */ = {isa = PBXFileReference; lastKnownFileType = file.storyboard; name = Base; path = Base.lproj/LaunchScreen.storyboard; sourceTree = "<group>"; };
		5230479B235F08DD0086E52A /* Info.plist */ = {isa = PBXFileReference; lastKnownFileType = text.plist.xml; path = Info.plist; sourceTree = "<group>"; };
		523047A0235F08DD0086E52A /* stationTests.xctest */ = {isa = PBXFileReference; explicitFileType = wrapper.cfbundle; includeInIndex = 0; path = stationTests.xctest; sourceTree = BUILT_PRODUCTS_DIR; };
		523047A4235F08DD0086E52A /* stationTests.swift */ = {isa = PBXFileReference; lastKnownFileType = sourcecode.swift; path = stationTests.swift; sourceTree = "<group>"; };
		523047A6235F08DD0086E52A /* Info.plist */ = {isa = PBXFileReference; lastKnownFileType = text.plist.xml; path = Info.plist; sourceTree = "<group>"; };
		523047AB235F08DD0086E52A /* stationUITests.xctest */ = {isa = PBXFileReference; explicitFileType = wrapper.cfbundle; includeInIndex = 0; path = stationUITests.xctest; sourceTree = BUILT_PRODUCTS_DIR; };
		523047AF235F08DD0086E52A /* stationUITests.swift */ = {isa = PBXFileReference; lastKnownFileType = sourcecode.swift; path = stationUITests.swift; sourceTree = "<group>"; };
		523047B1235F08DD0086E52A /* Info.plist */ = {isa = PBXFileReference; lastKnownFileType = text.plist.xml; path = Info.plist; sourceTree = "<group>"; };
		523047BD235F17F20086E52A /* MapViewController.swift */ = {isa = PBXFileReference; lastKnownFileType = sourcecode.swift; path = MapViewController.swift; sourceTree = "<group>"; };
		A0FE3D39163A237172D8A652 /* Pods-station-stationUITests.debug.xcconfig */ = {isa = PBXFileReference; includeInIndex = 1; lastKnownFileType = text.xcconfig; name = "Pods-station-stationUITests.debug.xcconfig"; path = "Target Support Files/Pods-station-stationUITests/Pods-station-stationUITests.debug.xcconfig"; sourceTree = "<group>"; };
		C7F51DF0D7114B104398102A /* Pods_stationTests.framework */ = {isa = PBXFileReference; explicitFileType = wrapper.framework; includeInIndex = 0; path = Pods_stationTests.framework; sourceTree = BUILT_PRODUCTS_DIR; };
		CEB36EB99E31E78BE5397487 /* Pods-stationTests.release.xcconfig */ = {isa = PBXFileReference; includeInIndex = 1; lastKnownFileType = text.xcconfig; name = "Pods-stationTests.release.xcconfig"; path = "Target Support Files/Pods-stationTests/Pods-stationTests.release.xcconfig"; sourceTree = "<group>"; };
		E377161AD8B151FC558BE746 /* Pods_station.framework */ = {isa = PBXFileReference; explicitFileType = wrapper.framework; includeInIndex = 0; path = Pods_station.framework; sourceTree = BUILT_PRODUCTS_DIR; };
		ED81847153DFB4B4F1868EA1 /* Pods-station.release.xcconfig */ = {isa = PBXFileReference; includeInIndex = 1; lastKnownFileType = text.xcconfig; name = "Pods-station.release.xcconfig"; path = "Target Support Files/Pods-station/Pods-station.release.xcconfig"; sourceTree = "<group>"; };
/* End PBXFileReference section */

/* Begin PBXFrameworksBuildPhase section */
		52304787235F08DC0086E52A /* Frameworks */ = {
			isa = PBXFrameworksBuildPhase;
			buildActionMask = 2147483647;
			files = (
				6F372B48ADF5EFD7EC3477A6 /* Pods_station.framework in Frameworks */,
			);
			runOnlyForDeploymentPostprocessing = 0;
		};
		5230479D235F08DD0086E52A /* Frameworks */ = {
			isa = PBXFrameworksBuildPhase;
			buildActionMask = 2147483647;
			files = (
				FE7B03AE67F464E565A91DE5 /* Pods_stationTests.framework in Frameworks */,
			);
			runOnlyForDeploymentPostprocessing = 0;
		};
		523047A8235F08DD0086E52A /* Frameworks */ = {
			isa = PBXFrameworksBuildPhase;
			buildActionMask = 2147483647;
			files = (
				DE0D809FBB9A7AD2D57A14C0 /* Pods_station_stationUITests.framework in Frameworks */,
			);
			runOnlyForDeploymentPostprocessing = 0;
		};
/* End PBXFrameworksBuildPhase section */

/* Begin PBXGroup section */
		4BE70231F54BEA060FED2E6C /* Frameworks */ = {
			isa = PBXGroup;
			children = (
				E377161AD8B151FC558BE746 /* Pods_station.framework */,
				217265E471D73F743CE4CA08 /* Pods_station_stationUITests.framework */,
				C7F51DF0D7114B104398102A /* Pods_stationTests.framework */,
			);
			name = Frameworks;
			sourceTree = "<group>";
		};
		52304781235F08DC0086E52A = {
			isa = PBXGroup;
			children = (
				5230478C235F08DC0086E52A /* station */,
				523047A3235F08DD0086E52A /* stationTests */,
				523047AE235F08DD0086E52A /* stationUITests */,
				5230478B235F08DC0086E52A /* Products */,
				D9F4AECB03A867B753D0BC29 /* Pods */,
				4BE70231F54BEA060FED2E6C /* Frameworks */,
			);
			sourceTree = "<group>";
		};
		5230478B235F08DC0086E52A /* Products */ = {
			isa = PBXGroup;
			children = (
				5230478A235F08DC0086E52A /* station.app */,
				523047A0235F08DD0086E52A /* stationTests.xctest */,
				523047AB235F08DD0086E52A /* stationUITests.xctest */,
			);
			name = Products;
			sourceTree = "<group>";
		};
		5230478C235F08DC0086E52A /* station */ = {
			isa = PBXGroup;
			children = (
				5230478D235F08DC0086E52A /* AppDelegate.swift */,
				5230478F235F08DC0086E52A /* SceneDelegate.swift */,
				52304791235F08DC0086E52A /* ViewController.swift */,
				52304793235F08DC0086E52A /* Main.storyboard */,
				52304796235F08DD0086E52A /* Assets.xcassets */,
				52304798235F08DD0086E52A /* LaunchScreen.storyboard */,
				5230479B235F08DD0086E52A /* Info.plist */,
				523047BD235F17F20086E52A /* MapViewController.swift */,
			);
			path = station;
			sourceTree = "<group>";
		};
		523047A3235F08DD0086E52A /* stationTests */ = {
			isa = PBXGroup;
			children = (
				523047A4235F08DD0086E52A /* stationTests.swift */,
				523047A6235F08DD0086E52A /* Info.plist */,
			);
			path = stationTests;
			sourceTree = "<group>";
		};
		523047AE235F08DD0086E52A /* stationUITests */ = {
			isa = PBXGroup;
			children = (
				523047AF235F08DD0086E52A /* stationUITests.swift */,
				523047B1235F08DD0086E52A /* Info.plist */,
			);
			path = stationUITests;
			sourceTree = "<group>";
		};
		D9F4AECB03A867B753D0BC29 /* Pods */ = {
			isa = PBXGroup;
			children = (
				1C65FBC77779C8DD7653EB1F /* Pods-station.debug.xcconfig */,
				ED81847153DFB4B4F1868EA1 /* Pods-station.release.xcconfig */,
				A0FE3D39163A237172D8A652 /* Pods-station-stationUITests.debug.xcconfig */,
				032E395721A41E4D6F855888 /* Pods-station-stationUITests.release.xcconfig */,
				3F09F1DC4A888EA304FD4C68 /* Pods-stationTests.debug.xcconfig */,
				CEB36EB99E31E78BE5397487 /* Pods-stationTests.release.xcconfig */,
			);
			path = Pods;
			sourceTree = "<group>";
		};
/* End PBXGroup section */

/* Begin PBXNativeTarget section */
		52304789235F08DC0086E52A /* station */ = {
			isa = PBXNativeTarget;
			buildConfigurationList = 523047B4235F08DD0086E52A /* Build configuration list for PBXNativeTarget "station" */;
			buildPhases = (
				7FD45538137CB9ED2216DC28 /* [CP] Check Pods Manifest.lock */,
				52304786235F08DC0086E52A /* Sources */,
				52304787235F08DC0086E52A /* Frameworks */,
				52304788235F08DC0086E52A /* Resources */,
				0A837DAEFFBC3982EB9D1904 /* [CP] Copy Pods Resources */,
			);
			buildRules = (
			);
			dependencies = (
			);
			name = station;
			productName = station;
			productReference = 5230478A235F08DC0086E52A /* station.app */;
			productType = "com.apple.product-type.application";
		};
		5230479F235F08DD0086E52A /* stationTests */ = {
			isa = PBXNativeTarget;
			buildConfigurationList = 523047B7235F08DD0086E52A /* Build configuration list for PBXNativeTarget "stationTests" */;
			buildPhases = (
				0AF5D1B05975EF23D1103DEF /* [CP] Check Pods Manifest.lock */,
				5230479C235F08DD0086E52A /* Sources */,
				5230479D235F08DD0086E52A /* Frameworks */,
				5230479E235F08DD0086E52A /* Resources */,
			);
			buildRules = (
			);
			dependencies = (
				523047A2235F08DD0086E52A /* PBXTargetDependency */,
			);
			name = stationTests;
			productName = stationTests;
			productReference = 523047A0235F08DD0086E52A /* stationTests.xctest */;
			productType = "com.apple.product-type.bundle.unit-test";
		};
		523047AA235F08DD0086E52A /* stationUITests */ = {
			isa = PBXNativeTarget;
			buildConfigurationList = 523047BA235F08DD0086E52A /* Build configuration list for PBXNativeTarget "stationUITests" */;
			buildPhases = (
				A44EF2F077591A2C2CCB12A0 /* [CP] Check Pods Manifest.lock */,
				523047A7235F08DD0086E52A /* Sources */,
				523047A8235F08DD0086E52A /* Frameworks */,
				523047A9235F08DD0086E52A /* Resources */,
				8578069DB80EB44A40C86623 /* [CP] Copy Pods Resources */,
			);
			buildRules = (
			);
			dependencies = (
				523047AD235F08DD0086E52A /* PBXTargetDependency */,
			);
			name = stationUITests;
			productName = stationUITests;
			productReference = 523047AB235F08DD0086E52A /* stationUITests.xctest */;
			productType = "com.apple.product-type.bundle.ui-testing";
		};
/* End PBXNativeTarget section */

/* Begin PBXProject section */
		52304782235F08DC0086E52A /* Project object */ = {
			isa = PBXProject;
			attributes = {
				LastSwiftUpdateCheck = 1110;
				LastUpgradeCheck = 1110;
				ORGANIZATIONNAME = "大塚嶺";
				TargetAttributes = {
					52304789235F08DC0086E52A = {
						CreatedOnToolsVersion = 11.1;
					};
					5230479F235F08DD0086E52A = {
						CreatedOnToolsVersion = 11.1;
						TestTargetID = 52304789235F08DC0086E52A;
					};
					523047AA235F08DD0086E52A = {
						CreatedOnToolsVersion = 11.1;
						TestTargetID = 52304789235F08DC0086E52A;
					};
				};
			};
			buildConfigurationList = 52304785235F08DC0086E52A /* Build configuration list for PBXProject "station" */;
			compatibilityVersion = "Xcode 9.3";
			developmentRegion = en;
			hasScannedForEncodings = 0;
			knownRegions = (
				en,
				Base,
			);
			mainGroup = 52304781235F08DC0086E52A;
			productRefGroup = 5230478B235F08DC0086E52A /* Products */;
			projectDirPath = "";
			projectRoot = "";
			targets = (
				52304789235F08DC0086E52A /* station */,
				5230479F235F08DD0086E52A /* stationTests */,
				523047AA235F08DD0086E52A /* stationUITests */,
			);
		};
/* End PBXProject section */

/* Begin PBXResourcesBuildPhase section */
		52304788235F08DC0086E52A /* Resources */ = {
			isa = PBXResourcesBuildPhase;
			buildActionMask = 2147483647;
			files = (
				5230479A235F08DD0086E52A /* LaunchScreen.storyboard in Resources */,
				52304797235F08DD0086E52A /* Assets.xcassets in Resources */,
				52304795235F08DC0086E52A /* Main.storyboard in Resources */,
			);
			runOnlyForDeploymentPostprocessing = 0;
		};
		5230479E235F08DD0086E52A /* Resources */ = {
			isa = PBXResourcesBuildPhase;
			buildActionMask = 2147483647;
			files = (
			);
			runOnlyForDeploymentPostprocessing = 0;
		};
		523047A9235F08DD0086E52A /* Resources */ = {
			isa = PBXResourcesBuildPhase;
			buildActionMask = 2147483647;
			files = (
			);
			runOnlyForDeploymentPostprocessing = 0;
		};
/* End PBXResourcesBuildPhase section */

/* Begin PBXShellScriptBuildPhase section */
		0A837DAEFFBC3982EB9D1904 /* [CP] Copy Pods Resources */ = {
			isa = PBXShellScriptBuildPhase;
			buildActionMask = 2147483647;
			files = (
			);
			inputFileListPaths = (
				"${PODS_ROOT}/Target Support Files/Pods-station/Pods-station-resources-${CONFIGURATION}-input-files.xcfilelist",
			);
			name = "[CP] Copy Pods Resources";
			outputFileListPaths = (
				"${PODS_ROOT}/Target Support Files/Pods-station/Pods-station-resources-${CONFIGURATION}-output-files.xcfilelist",
			);
			runOnlyForDeploymentPostprocessing = 0;
			shellPath = /bin/sh;
			shellScript = "\"${PODS_ROOT}/Target Support Files/Pods-station/Pods-station-resources.sh\"\n";
			showEnvVarsInLog = 0;
		};
		0AF5D1B05975EF23D1103DEF /* [CP] Check Pods Manifest.lock */ = {
			isa = PBXShellScriptBuildPhase;
			buildActionMask = 2147483647;
			files = (
			);
			inputFileListPaths = (
			);
			inputPaths = (
				"${PODS_PODFILE_DIR_PATH}/Podfile.lock",
				"${PODS_ROOT}/Manifest.lock",
			);
			name = "[CP] Check Pods Manifest.lock";
			outputFileListPaths = (
			);
			outputPaths = (
				"$(DERIVED_FILE_DIR)/Pods-stationTests-checkManifestLockResult.txt",
			);
			runOnlyForDeploymentPostprocessing = 0;
			shellPath = /bin/sh;
			shellScript = "diff \"${PODS_PODFILE_DIR_PATH}/Podfile.lock\" \"${PODS_ROOT}/Manifest.lock\" > /dev/null\nif [ $? != 0 ] ; then\n    # print error to STDERR\n    echo \"error: The sandbox is not in sync with the Podfile.lock. Run 'pod install' or update your CocoaPods installation.\" >&2\n    exit 1\nfi\n# This output is used by Xcode 'outputs' to avoid re-running this script phase.\necho \"SUCCESS\" > \"${SCRIPT_OUTPUT_FILE_0}\"\n";
			showEnvVarsInLog = 0;
		};
		7FD45538137CB9ED2216DC28 /* [CP] Check Pods Manifest.lock */ = {
			isa = PBXShellScriptBuildPhase;
			buildActionMask = 2147483647;
			files = (
			);
			inputFileListPaths = (
			);
			inputPaths = (
				"${PODS_PODFILE_DIR_PATH}/Podfile.lock",
				"${PODS_ROOT}/Manifest.lock",
			);
			name = "[CP] Check Pods Manifest.lock";
			outputFileListPaths = (
			);
			outputPaths = (
				"$(DERIVED_FILE_DIR)/Pods-station-checkManifestLockResult.txt",
			);
			runOnlyForDeploymentPostprocessing = 0;
			shellPath = /bin/sh;
			shellScript = "diff \"${PODS_PODFILE_DIR_PATH}/Podfile.lock\" \"${PODS_ROOT}/Manifest.lock\" > /dev/null\nif [ $? != 0 ] ; then\n    # print error to STDERR\n    echo \"error: The sandbox is not in sync with the Podfile.lock. Run 'pod install' or update your CocoaPods installation.\" >&2\n    exit 1\nfi\n# This output is used by Xcode 'outputs' to avoid re-running this script phase.\necho \"SUCCESS\" > \"${SCRIPT_OUTPUT_FILE_0}\"\n";
			showEnvVarsInLog = 0;
		};
		8578069DB80EB44A40C86623 /* [CP] Copy Pods Resources */ = {
			isa = PBXShellScriptBuildPhase;
			buildActionMask = 2147483647;
			files = (
			);
			inputFileListPaths = (
				"${PODS_ROOT}/Target Support Files/Pods-station-stationUITests/Pods-station-stationUITests-resources-${CONFIGURATION}-input-files.xcfilelist",
			);
			name = "[CP] Copy Pods Resources";
			outputFileListPaths = (
				"${PODS_ROOT}/Target Support Files/Pods-station-stationUITests/Pods-station-stationUITests-resources-${CONFIGURATION}-output-files.xcfilelist",
			);
			runOnlyForDeploymentPostprocessing = 0;
			shellPath = /bin/sh;
			shellScript = "\"${PODS_ROOT}/Target Support Files/Pods-station-stationUITests/Pods-station-stationUITests-resources.sh\"\n";
			showEnvVarsInLog = 0;
		};
		A44EF2F077591A2C2CCB12A0 /* [CP] Check Pods Manifest.lock */ = {
			isa = PBXShellScriptBuildPhase;
			buildActionMask = 2147483647;
			files = (
			);
			inputFileListPaths = (
			);
			inputPaths = (
				"${PODS_PODFILE_DIR_PATH}/Podfile.lock",
				"${PODS_ROOT}/Manifest.lock",
			);
			name = "[CP] Check Pods Manifest.lock";
			outputFileListPaths = (
			);
			outputPaths = (
				"$(DERIVED_FILE_DIR)/Pods-station-stationUITests-checkManifestLockResult.txt",
			);
			runOnlyForDeploymentPostprocessing = 0;
			shellPath = /bin/sh;
			shellScript = "diff \"${PODS_PODFILE_DIR_PATH}/Podfile.lock\" \"${PODS_ROOT}/Manifest.lock\" > /dev/null\nif [ $? != 0 ] ; then\n    # print error to STDERR\n    echo \"error: The sandbox is not in sync with the Podfile.lock. Run 'pod install' or update your CocoaPods installation.\" >&2\n    exit 1\nfi\n# This output is used by Xcode 'outputs' to avoid re-running this script phase.\necho \"SUCCESS\" > \"${SCRIPT_OUTPUT_FILE_0}\"\n";
			showEnvVarsInLog = 0;
		};
/* End PBXShellScriptBuildPhase section */

/* Begin PBXSourcesBuildPhase section */
		52304786235F08DC0086E52A /* Sources */ = {
			isa = PBXSourcesBuildPhase;
			buildActionMask = 2147483647;
			files = (
				52304792235F08DC0086E52A /* ViewController.swift in Sources */,
				5230478E235F08DC0086E52A /* AppDelegate.swift in Sources */,
				52304790235F08DC0086E52A /* SceneDelegate.swift in Sources */,
				523047BE235F17F20086E52A /* MapViewController.swift in Sources */,
			);
			runOnlyForDeploymentPostprocessing = 0;
		};
		5230479C235F08DD0086E52A /* Sources */ = {
			isa = PBXSourcesBuildPhase;
			buildActionMask = 2147483647;
			files = (
				523047A5235F08DD0086E52A /* stationTests.swift in Sources */,
			);
			runOnlyForDeploymentPostprocessing = 0;
		};
		523047A7235F08DD0086E52A /* Sources */ = {
			isa = PBXSourcesBuildPhase;
			buildActionMask = 2147483647;
			files = (
				523047B0235F08DD0086E52A /* stationUITests.swift in Sources */,
			);
			runOnlyForDeploymentPostprocessing = 0;
		};
/* End PBXSourcesBuildPhase section */

/* Begin PBXTargetDependency section */
		523047A2235F08DD0086E52A /* PBXTargetDependency */ = {
			isa = PBXTargetDependency;
			target = 52304789235F08DC0086E52A /* station */;
			targetProxy = 523047A1235F08DD0086E52A /* PBXContainerItemProxy */;
		};
		523047AD235F08DD0086E52A /* PBXTargetDependency */ = {
			isa = PBXTargetDependency;
			target = 52304789235F08DC0086E52A /* station */;
			targetProxy = 523047AC235F08DD0086E52A /* PBXContainerItemProxy */;
		};
/* End PBXTargetDependency section */

/* Begin PBXVariantGroup section */
		52304793235F08DC0086E52A /* Main.storyboard */ = {
			isa = PBXVariantGroup;
			children = (
				52304794235F08DC0086E52A /* Base */,
			);
			name = Main.storyboard;
			sourceTree = "<group>";
		};
		52304798235F08DD0086E52A /* LaunchScreen.storyboard */ = {
			isa = PBXVariantGroup;
			children = (
				52304799235F08DD0086E52A /* Base */,
			);
			name = LaunchScreen.storyboard;
			sourceTree = "<group>";
		};
/* End PBXVariantGroup section */

/* Begin XCBuildConfiguration section */
		523047B2235F08DD0086E52A /* Debug */ = {
			isa = XCBuildConfiguration;
			buildSettings = {
				ALWAYS_SEARCH_USER_PATHS = NO;
				CLANG_ANALYZER_NONNULL = YES;
				CLANG_ANALYZER_NUMBER_OBJECT_CONVERSION = YES_AGGRESSIVE;
				CLANG_CXX_LANGUAGE_STANDARD = "gnu++14";
				CLANG_CXX_LIBRARY = "libc++";
				CLANG_ENABLE_MODULES = YES;
				CLANG_ENABLE_OBJC_ARC = YES;
				CLANG_ENABLE_OBJC_WEAK = YES;
				CLANG_WARN_BLOCK_CAPTURE_AUTORELEASING = YES;
				CLANG_WARN_BOOL_CONVERSION = YES;
				CLANG_WARN_COMMA = YES;
				CLANG_WARN_CONSTANT_CONVERSION = YES;
				CLANG_WARN_DEPRECATED_OBJC_IMPLEMENTATIONS = YES;
				CLANG_WARN_DIRECT_OBJC_ISA_USAGE = YES_ERROR;
				CLANG_WARN_DOCUMENTATION_COMMENTS = YES;
				CLANG_WARN_EMPTY_BODY = YES;
				CLANG_WARN_ENUM_CONVERSION = YES;
				CLANG_WARN_INFINITE_RECURSION = YES;
				CLANG_WARN_INT_CONVERSION = YES;
				CLANG_WARN_NON_LITERAL_NULL_CONVERSION = YES;
				CLANG_WARN_OBJC_IMPLICIT_RETAIN_SELF = YES;
				CLANG_WARN_OBJC_LITERAL_CONVERSION = YES;
				CLANG_WARN_OBJC_ROOT_CLASS = YES_ERROR;
				CLANG_WARN_RANGE_LOOP_ANALYSIS = YES;
				CLANG_WARN_STRICT_PROTOTYPES = YES;
				CLANG_WARN_SUSPICIOUS_MOVE = YES;
				CLANG_WARN_UNGUARDED_AVAILABILITY = YES_AGGRESSIVE;
				CLANG_WARN_UNREACHABLE_CODE = YES;
				CLANG_WARN__DUPLICATE_METHOD_MATCH = YES;
				COPY_PHASE_STRIP = NO;
				DEBUG_INFORMATION_FORMAT = dwarf;
				ENABLE_STRICT_OBJC_MSGSEND = YES;
				ENABLE_TESTABILITY = YES;
				GCC_C_LANGUAGE_STANDARD = gnu11;
				GCC_DYNAMIC_NO_PIC = NO;
				GCC_NO_COMMON_BLOCKS = YES;
				GCC_OPTIMIZATION_LEVEL = 0;
				GCC_PREPROCESSOR_DEFINITIONS = (
					"DEBUG=1",
					"$(inherited)",
				);
				GCC_WARN_64_TO_32_BIT_CONVERSION = YES;
				GCC_WARN_ABOUT_RETURN_TYPE = YES_ERROR;
				GCC_WARN_UNDECLARED_SELECTOR = YES;
				GCC_WARN_UNINITIALIZED_AUTOS = YES_AGGRESSIVE;
				GCC_WARN_UNUSED_FUNCTION = YES;
				GCC_WARN_UNUSED_VARIABLE = YES;
				IPHONEOS_DEPLOYMENT_TARGET = 13.1;
				MTL_ENABLE_DEBUG_INFO = INCLUDE_SOURCE;
				MTL_FAST_MATH = YES;
				ONLY_ACTIVE_ARCH = YES;
				SDKROOT = iphoneos;
				SWIFT_ACTIVE_COMPILATION_CONDITIONS = DEBUG;
				SWIFT_OPTIMIZATION_LEVEL = "-Onone";
			};
			name = Debug;
		};
		523047B3235F08DD0086E52A /* Release */ = {
			isa = XCBuildConfiguration;
			buildSettings = {
				ALWAYS_SEARCH_USER_PATHS = NO;
				CLANG_ANALYZER_NONNULL = YES;
				CLANG_ANALYZER_NUMBER_OBJECT_CONVERSION = YES_AGGRESSIVE;
				CLANG_CXX_LANGUAGE_STANDARD = "gnu++14";
				CLANG_CXX_LIBRARY = "libc++";
				CLANG_ENABLE_MODULES = YES;
				CLANG_ENABLE_OBJC_ARC = YES;
				CLANG_ENABLE_OBJC_WEAK = YES;
				CLANG_WARN_BLOCK_CAPTURE_AUTORELEASING = YES;
				CLANG_WARN_BOOL_CONVERSION = YES;
				CLANG_WARN_COMMA = YES;
				CLANG_WARN_CONSTANT_CONVERSION = YES;
				CLANG_WARN_DEPRECATED_OBJC_IMPLEMENTATIONS = YES;
				CLANG_WARN_DIRECT_OBJC_ISA_USAGE = YES_ERROR;
				CLANG_WARN_DOCUMENTATION_COMMENTS = YES;
				CLANG_WARN_EMPTY_BODY = YES;
				CLANG_WARN_ENUM_CONVERSION = YES;
				CLANG_WARN_INFINITE_RECURSION = YES;
				CLANG_WARN_INT_CONVERSION = YES;
				CLANG_WARN_NON_LITERAL_NULL_CONVERSION = YES;
				CLANG_WARN_OBJC_IMPLICIT_RETAIN_SELF = YES;
				CLANG_WARN_OBJC_LITERAL_CONVERSION = YES;
				CLANG_WARN_OBJC_ROOT_CLASS = YES_ERROR;
				CLANG_WARN_RANGE_LOOP_ANALYSIS = YES;
				CLANG_WARN_STRICT_PROTOTYPES = YES;
				CLANG_WARN_SUSPICIOUS_MOVE = YES;
				CLANG_WARN_UNGUARDED_AVAILABILITY = YES_AGGRESSIVE;
				CLANG_WARN_UNREACHABLE_CODE = YES;
				CLANG_WARN__DUPLICATE_METHOD_MATCH = YES;
				COPY_PHASE_STRIP = NO;
				DEBUG_INFORMATION_FORMAT = "dwarf-with-dsym";
				ENABLE_NS_ASSERTIONS = NO;
				ENABLE_STRICT_OBJC_MSGSEND = YES;
				GCC_C_LANGUAGE_STANDARD = gnu11;
				GCC_NO_COMMON_BLOCKS = YES;
				GCC_WARN_64_TO_32_BIT_CONVERSION = YES;
				GCC_WARN_ABOUT_RETURN_TYPE = YES_ERROR;
				GCC_WARN_UNDECLARED_SELECTOR = YES;
				GCC_WARN_UNINITIALIZED_AUTOS = YES_AGGRESSIVE;
				GCC_WARN_UNUSED_FUNCTION = YES;
				GCC_WARN_UNUSED_VARIABLE = YES;
				IPHONEOS_DEPLOYMENT_TARGET = 13.1;
				MTL_ENABLE_DEBUG_INFO = NO;
				MTL_FAST_MATH = YES;
				SDKROOT = iphoneos;
				SWIFT_COMPILATION_MODE = wholemodule;
				SWIFT_OPTIMIZATION_LEVEL = "-O";
				VALIDATE_PRODUCT = YES;
			};
			name = Release;
		};
		523047B5235F08DD0086E52A /* Debug */ = {
			isa = XCBuildConfiguration;
			baseConfigurationReference = 1C65FBC77779C8DD7653EB1F /* Pods-station.debug.xcconfig */;
			buildSettings = {
				ASSETCATALOG_COMPILER_APPICON_NAME = AppIcon;
				CODE_SIGN_STYLE = Automatic;
				DEVELOPMENT_TEAM = PYNMDKK2AD;
				INFOPLIST_FILE = station/Info.plist;
				LD_RUNPATH_SEARCH_PATHS = (
					"$(inherited)",
					"@executable_path/Frameworks",
				);
				PRODUCT_BUNDLE_IDENTIFIER = net.rayrayo.station;
				PRODUCT_NAME = "$(TARGET_NAME)";
				SWIFT_VERSION = 5.0;
				TARGETED_DEVICE_FAMILY = "1,2";
			};
			name = Debug;
		};
		523047B6235F08DD0086E52A /* Release */ = {
			isa = XCBuildConfiguration;
			baseConfigurationReference = ED81847153DFB4B4F1868EA1 /* Pods-station.release.xcconfig */;
			buildSettings = {
				ASSETCATALOG_COMPILER_APPICON_NAME = AppIcon;
				CODE_SIGN_STYLE = Automatic;
				DEVELOPMENT_TEAM = PYNMDKK2AD;
				INFOPLIST_FILE = station/Info.plist;
				LD_RUNPATH_SEARCH_PATHS = (
					"$(inherited)",
					"@executable_path/Frameworks",
				);
				PRODUCT_BUNDLE_IDENTIFIER = net.rayrayo.station;
				PRODUCT_NAME = "$(TARGET_NAME)";
				SWIFT_VERSION = 5.0;
				TARGETED_DEVICE_FAMILY = "1,2";
			};
			name = Release;
		};
		523047B8235F08DD0086E52A /* Debug */ = {
			isa = XCBuildConfiguration;
			baseConfigurationReference = 3F09F1DC4A888EA304FD4C68 /* Pods-stationTests.debug.xcconfig */;
			buildSettings = {
				ALWAYS_EMBED_SWIFT_STANDARD_LIBRARIES = YES;
				BUNDLE_LOADER = "$(TEST_HOST)";
				CODE_SIGN_STYLE = Automatic;
				INFOPLIST_FILE = stationTests/Info.plist;
				IPHONEOS_DEPLOYMENT_TARGET = 13.1;
				LD_RUNPATH_SEARCH_PATHS = (
					"$(inherited)",
					"@executable_path/Frameworks",
					"@loader_path/Frameworks",
				);
				PRODUCT_BUNDLE_IDENTIFIER = net.rayrayo.stationTests;
				PRODUCT_NAME = "$(TARGET_NAME)";
				SWIFT_VERSION = 5.0;
				TARGETED_DEVICE_FAMILY = "1,2";
				TEST_HOST = "$(BUILT_PRODUCTS_DIR)/station.app/station";
			};
			name = Debug;
		};
		523047B9235F08DD0086E52A /* Release */ = {
			isa = XCBuildConfiguration;
			baseConfigurationReference = CEB36EB99E31E78BE5397487 /* Pods-stationTests.release.xcconfig */;
			buildSettings = {
				ALWAYS_EMBED_SWIFT_STANDARD_LIBRARIES = YES;
				BUNDLE_LOADER = "$(TEST_HOST)";
				CODE_SIGN_STYLE = Automatic;
				INFOPLIST_FILE = stationTests/Info.plist;
				IPHONEOS_DEPLOYMENT_TARGET = 13.1;
				LD_RUNPATH_SEARCH_PATHS = (
					"$(inherited)",
					"@executable_path/Frameworks",
					"@loader_path/Frameworks",
				);
				PRODUCT_BUNDLE_IDENTIFIER = net.rayrayo.stationTests;
				PRODUCT_NAME = "$(TARGET_NAME)";
				SWIFT_VERSION = 5.0;
				TARGETED_DEVICE_FAMILY = "1,2";
				TEST_HOST = "$(BUILT_PRODUCTS_DIR)/station.app/station";
			};
			name = Release;
		};
		523047BB235F08DD0086E52A /* Debug */ = {
			isa = XCBuildConfiguration;
			baseConfigurationReference = A0FE3D39163A237172D8A652 /* Pods-station-stationUITests.debug.xcconfig */;
			buildSettings = {
				ALWAYS_EMBED_SWIFT_STANDARD_LIBRARIES = YES;
				CODE_SIGN_STYLE = Automatic;
				INFOPLIST_FILE = stationUITests/Info.plist;
				LD_RUNPATH_SEARCH_PATHS = (
					"$(inherited)",
					"@executable_path/Frameworks",
					"@loader_path/Frameworks",
				);
				PRODUCT_BUNDLE_IDENTIFIER = net.rayrayo.stationUITests;
				PRODUCT_NAME = "$(TARGET_NAME)";
				SWIFT_VERSION = 5.0;
				TARGETED_DEVICE_FAMILY = "1,2";
				TEST_TARGET_NAME = station;
			};
			name = Debug;
		};
		523047BC235F08DD0086E52A /* Release */ = {
			isa = XCBuildConfiguration;
			baseConfigurationReference = 032E395721A41E4D6F855888 /* Pods-station-stationUITests.release.xcconfig */;
			buildSettings = {
				ALWAYS_EMBED_SWIFT_STANDARD_LIBRARIES = YES;
				CODE_SIGN_STYLE = Automatic;
				INFOPLIST_FILE = stationUITests/Info.plist;
				LD_RUNPATH_SEARCH_PATHS = (
					"$(inherited)",
					"@executable_path/Frameworks",
					"@loader_path/Frameworks",
				);
				PRODUCT_BUNDLE_IDENTIFIER = net.rayrayo.stationUITests;
				PRODUCT_NAME = "$(TARGET_NAME)";
				SWIFT_VERSION = 5.0;
				TARGETED_DEVICE_FAMILY = "1,2";
				TEST_TARGET_NAME = station;
			};
			name = Release;
		};
/* End XCBuildConfiguration section */

/* Begin XCConfigurationList section */
		52304785235F08DC0086E52A /* Build configuration list for PBXProject "station" */ = {
			isa = XCConfigurationList;
			buildConfigurations = (
				523047B2235F08DD0086E52A /* Debug */,
				523047B3235F08DD0086E52A /* Release */,
			);
			defaultConfigurationIsVisible = 0;
			defaultConfigurationName = Release;
		};
		523047B4235F08DD0086E52A /* Build configuration list for PBXNativeTarget "station" */ = {
			isa = XCConfigurationList;
			buildConfigurations = (
				523047B5235F08DD0086E52A /* Debug */,
				523047B6235F08DD0086E52A /* Release */,
			);
			defaultConfigurationIsVisible = 0;
			defaultConfigurationName = Release;
		};
		523047B7235F08DD0086E52A /* Build configuration list for PBXNativeTarget "stationTests" */ = {
			isa = XCConfigurationList;
			buildConfigurations = (
				523047B8235F08DD0086E52A /* Debug */,
				523047B9235F08DD0086E52A /* Release */,
			);
			defaultConfigurationIsVisible = 0;
			defaultConfigurationName = Release;
		};
		523047BA235F08DD0086E52A /* Build configuration list for PBXNativeTarget "stationUITests" */ = {
			isa = XCConfigurationList;
			buildConfigurations = (
				523047BB235F08DD0086E52A /* Debug */,
				523047BC235F08DD0086E52A /* Release */,
			);
			defaultConfigurationIsVisible = 0;
			defaultConfigurationName = Release;
		};
/* End XCConfigurationList section */
	};
	rootObject = 52304782235F08DC0086E52A /* Project object */;
}
